
Microsoft Visual Studio Solution File, Format Version 12.00
# Visual Studio Version 16
VisualStudioVersion = 16.0.32002.261
MinimumVisualStudioVersion = 10.0.40219.1
Project("{FAE04EC0-301F-11D3-BF4B-00C04F79EFBC}") = "JSONExplorer", "JSONExplorer\JSONExplorer.csproj", "{38C5B35B-8192-40FA-A476-E90636BE6002}"
EndProject
Global
	GlobalSection(SolutionConfigurationPlatforms) = preSolution
		Debug|Any CPU = Debug|Any CPU
		Release|Any CPU = Release|Any CPU
	EndGlobalSection
	GlobalSection(ProjectConfigurationPlatforms) = postSolution
		{38C5B35B-8192-40FA-A476-E90636BE6002}.Debug|Any CPU.ActiveCfg = Debug|Any CPU
		{38C5B35B-8192-40FA-A476-E90636BE6002}.Debug|Any CPU.Build.0 = Debug|Any CPU
		{38C5B35B-8192-40FA-A476-E90636BE6002}.Release|Any CPU.ActiveCfg = Release|Any CPU
		{38C5B35B-8192-40FA-A476-E90636BE6002}.Release|Any CPU.Build.0 = Release|Any CPU
	EndGlobalSection
	GlobalSection(SolutionProperties) = preSolution
		HideSolutionNode = FALSE
	EndGlobalSection
	GlobalSection(ExtensibilityGlobals) = postSolution
		SolutionGuid = {F0C9D95B-0FD1-42A2-AA4C-82307F309438}
	EndGlobalSection
EndGlobal
